dependencies:
- name: ska-tango-util
  repository: https://artefact.skao.int/repository/helm-internal
  version: 0.4.10
- name: ska-tango-base
  repository: https://artefact.skao.int/repository/helm-internal
  version: 0.4.9
digest: sha256:e84ae58e1a19b2720e9bd4b229e1fb5eec076e64a96dead4d75962e7a88ea4aa
generated: "2024-06-19T15:32:43.724078318-03:00"
